# This file is autogenerated, do not edit; changes may be undone by the next 'dep ensure'.


[[projects]]
  name = "github.com/fagongzi/goetty"
  packages = ["."]
  revision = "be30ec1d931e852f555da1e37114deda39174ec1"
  version = "v1.0.0"

[[projects]]
  branch = "master"
  name = "github.com/fagongzi/log"
  packages = ["."]
  revision = "9a647df25e0e4ba3d967bd8a16b871e8c7e7eb6c"

[[projects]]
  name = "github.com/golang/protobuf"
  packages = ["proto"]
  revision = "925541529c1fa6821df4e44ce2723319eb2be768"
  version = "v1.0.0"

[solve-meta]
  analyzer-name = "dep"
  analyzer-version = 1
  inputs-digest = "86e659b7ad66a2084347fa7c059e6397ae27d225147db2f38856fe463f0c036f"
  solver-name = "gps-cdcl"
  solver-version = 1
